
Microsoft Visual Studio Solution File, Format Version 12.00
# Visual Studio Version 16
VisualStudioVersion = 16.0.30503.244
MinimumVisualStudioVersion = 10.0.40219.1
Project("{FAE04EC0-301F-11D3-BF4B-00C04F79EFBC}") = "Task7", "Task7.csproj", "{A05DD42E-4B08-47EA-8300-F096FA04267F}"
EndProject
Global
	GlobalSection(SolutionConfigurationPlatforms) = preSolution
		Debug|Any CPU = Debug|Any CPU
		Release|Any CPU = Release|Any CPU
	EndGlobalSection
	GlobalSection(ProjectConfigurationPlatforms) = postSolution
		{A05DD42E-4B08-47EA-8300-F096FA04267F}.Debug|Any CPU.ActiveCfg = Debug|Any CPU
		{A05DD42E-4B08-47EA-8300-F096FA04267F}.Debug|Any CPU.Build.0 = Debug|Any CPU
		{A05DD42E-4B08-47EA-8300-F096FA04267F}.Release|Any CPU.ActiveCfg = Release|Any CPU
		{A05DD42E-4B08-47EA-8300-F096FA04267F}.Release|Any CPU.Build.0 = Release|Any CPU
	EndGlobalSection
	GlobalSection(SolutionProperties) = preSolution
		HideSolutionNode = FALSE
	EndGlobalSection
	GlobalSection(ExtensibilityGlobals) = postSolution
		SolutionGuid = {ABC132F2-81E8-4E62-9695-52E0D95660BA}
	EndGlobalSection
EndGlobal
